// !$*UTF8*$!
{
	archiveVersion = 1;
	classes = {
	};
	objectVersion = 55;
	objects = {

/* Begin PBXBuildFile section */
		06A89803286BEBA600F773B5 /* Assets.xcassets in Resources */ = {isa = PBXBuildFile; fileRef = 06A89802286BEBA600F773B5 /* Assets.xcassets */; };
		06A89806286BEBA600F773B5 /* LaunchScreen.storyboard in Resources */ = {isa = PBXBuildFile; fileRef = 06A89804286BEBA600F773B5 /* LaunchScreen.storyboard */; };
		4FFCA25A2C66A81F001CBB9D /* Tokens.swift in Sources */ = {isa = PBXBuildFile; fileRef = 4FFCA2562C66A81F001CBB9D /* Tokens.swift */; };
		4FFCA25B2C66A81F001CBB9D /* API.swift in Sources */ = {isa = PBXBuildFile; fileRef = 4FFCA2572C66A81F001CBB9D /* API.swift */; };
		4FFCA25C2C66A81F001CBB9D /* URLBuilder.swift in Sources */ = {isa = PBXBuildFile; fileRef = 4FFCA2582C66A81F001CBB9D /* URLBuilder.swift */; };
		4FFCA25D2C66A81F001CBB9D /* APIError.swift in Sources */ = {isa = PBXBuildFile; fileRef = 4FFCA2592C66A81F001CBB9D /* APIError.swift */; };
		4FFCA2612C66A83B001CBB9D /* Word.swift in Sources */ = {isa = PBXBuildFile; fileRef = 4FFCA25E2C66A83B001CBB9D /* Word.swift */; };
		4FFCA2622C66A83B001CBB9D /* Meta.swift in Sources */ = {isa = PBXBuildFile; fileRef = 4FFCA25F2C66A83B001CBB9D /* Meta.swift */; };
		4FFCA2632C66A83B001CBB9D /* WordResponse.swift in Sources */ = {isa = PBXBuildFile; fileRef = 4FFCA2602C66A83B001CBB9D /* WordResponse.swift */; };
		4FFCA2652C66A84A001CBB9D /* PuraInterviewSwiftUIApp.swift in Sources */ = {isa = PBXBuildFile; fileRef = 4FFCA2642C66A84A001CBB9D /* PuraInterviewSwiftUIApp.swift */; };
		4FFCA2682C66A854001CBB9D /* ViewModel.swift in Sources */ = {isa = PBXBuildFile; fileRef = 4FFCA2662C66A854001CBB9D /* ViewModel.swift */; };
		4FFCA2692C66A854001CBB9D /* TopPickerView.swift in Sources */ = {isa = PBXBuildFile; fileRef = 4FFCA2672C66A854001CBB9D /* TopPickerView.swift */; };
		4FFCA26C2C66A861001CBB9D /* StringExtension.swift in Sources */ = {isa = PBXBuildFile; fileRef = 4FFCA26A2C66A861001CBB9D /* StringExtension.swift */; };
		4FFCA26E2C66AA2C001CBB9D /* DictionarySearch.swift in Sources */ = {isa = PBXBuildFile; fileRef = 4FFCA26D2C66AA2C001CBB9D /* DictionarySearch.swift */; };
		4FFCA2702C66AA36001CBB9D /* EmptyView.swift in Sources */ = {isa = PBXBuildFile; fileRef = 4FFCA26F2C66AA36001CBB9D /* EmptyView.swift */; };
/* End PBXBuildFile section */

/* Begin PBXFileReference section */
		06A897F6286BEBA500F773B5 /* SampleApp.app */ = {isa = PBXFileReference; explicitFileType = wrapper.application; includeInIndex = 0; path = SampleApp.app; sourceTree = BUILT_PRODUCTS_DIR; };
		06A89802286BEBA600F773B5 /* Assets.xcassets */ = {isa = PBXFileReference; lastKnownFileType = folder.assetcatalog; path = Assets.xcassets; sourceTree = "<group>"; };
		06A89805286BEBA600F773B5 /* Base */ = {isa = PBXFileReference; lastKnownFileType = file.storyboard; name = Base; path = Base.lproj/LaunchScreen.storyboard; sourceTree = "<group>"; };
		06A89807286BEBA600F773B5 /* Info.plist */ = {isa = PBXFileReference; lastKnownFileType = text.plist.xml; path = Info.plist; sourceTree = "<group>"; };
		4FFCA2562C66A81F001CBB9D /* Tokens.swift */ = {isa = PBXFileReference; fileEncoding = 4; lastKnownFileType = sourcecode.swift; path = Tokens.swift; sourceTree = "<group>"; };
		4FFCA2572C66A81F001CBB9D /* API.swift */ = {isa = PBXFileReference; fileEncoding = 4; lastKnownFileType = sourcecode.swift; path = API.swift; sourceTree = "<group>"; };
		4FFCA2582C66A81F001CBB9D /* URLBuilder.swift */ = {isa = PBXFileReference; fileEncoding = 4; lastKnownFileType = sourcecode.swift; path = URLBuilder.swift; sourceTree = "<group>"; };
		4FFCA2592C66A81F001CBB9D /* APIError.swift */ = {isa = PBXFileReference; fileEncoding = 4; lastKnownFileType = sourcecode.swift; path = APIError.swift; sourceTree = "<group>"; };
		4FFCA25E2C66A83B001CBB9D /* Word.swift */ = {isa = PBXFileReference; fileEncoding = 4; lastKnownFileType = sourcecode.swift; path = Word.swift; sourceTree = "<group>"; };
		4FFCA25F2C66A83B001CBB9D /* Meta.swift */ = {isa = PBXFileReference; fileEncoding = 4; lastKnownFileType = sourcecode.swift; path = Meta.swift; sourceTree = "<group>"; };
		4FFCA2602C66A83B001CBB9D /* WordResponse.swift */ = {isa = PBXFileReference; fileEncoding = 4; lastKnownFileType = sourcecode.swift; path = WordResponse.swift; sourceTree = "<group>"; };
		4FFCA2642C66A84A001CBB9D /* PuraInterviewSwiftUIApp.swift */ = {isa = PBXFileReference; fileEncoding = 4; lastKnownFileType = sourcecode.swift; path = PuraInterviewSwiftUIApp.swift; sourceTree = "<group>"; };
		4FFCA2662C66A854001CBB9D /* ViewModel.swift */ = {isa = PBXFileReference; fileEncoding = 4; lastKnownFileType = sourcecode.swift; path = ViewModel.swift; sourceTree = "<group>"; };
		4FFCA2672C66A854001CBB9D /* TopPickerView.swift */ = {isa = PBXFileReference; fileEncoding = 4; lastKnownFileType = sourcecode.swift; path = TopPickerView.swift; sourceTree = "<group>"; };
		4FFCA26A2C66A861001CBB9D /* StringExtension.swift */ = {isa = PBXFileReference; fileEncoding = 4; lastKnownFileType = sourcecode.swift; path = StringExtension.swift; sourceTree = "<group>"; };
		4FFCA26D2C66AA2C001CBB9D /* DictionarySearch.swift */ = {isa = PBXFileReference; fileEncoding = 4; lastKnownFileType = sourcecode.swift; path = DictionarySearch.swift; sourceTree = "<group>"; };
		4FFCA26F2C66AA36001CBB9D /* EmptyView.swift */ = {isa = PBXFileReference; fileEncoding = 4; lastKnownFileType = sourcecode.swift; path = EmptyView.swift; sourceTree = "<group>"; };
/* End PBXFileReference section */

/* Begin PBXFrameworksBuildPhase section */
		06A897F3286BEBA500F773B5 /* Frameworks */ = {
			isa = PBXFrameworksBuildPhase;
			buildActionMask = 2147483647;
			files = (
			);
			runOnlyForDeploymentPostprocessing = 0;
		};
/* End PBXFrameworksBuildPhase section */

/* Begin PBXGroup section */
		062E352E286CC5950072B38E /* API */ = {
			isa = PBXGroup;
			children = (
				4FFCA2572C66A81F001CBB9D /* API.swift */,
				4FFCA2592C66A81F001CBB9D /* APIError.swift */,
				4FFCA2562C66A81F001CBB9D /* Tokens.swift */,
				4FFCA2582C66A81F001CBB9D /* URLBuilder.swift */,
			);
			path = API;
			sourceTree = "<group>";
		};
		062E352F286CC5B10072B38E /* Model */ = {
			isa = PBXGroup;
			children = (
				4FFCA25F2C66A83B001CBB9D /* Meta.swift */,
				4FFCA25E2C66A83B001CBB9D /* Word.swift */,
				4FFCA2602C66A83B001CBB9D /* WordResponse.swift */,
			);
			path = Model;
			sourceTree = "<group>";
		};
		06A897ED286BEBA500F773B5 = {
			isa = PBXGroup;
			children = (
				06A897F8286BEBA500F773B5 /* SampleApp */,
				06A897F7286BEBA500F773B5 /* Products */,
			);
			sourceTree = "<group>";
		};
		06A897F7286BEBA500F773B5 /* Products */ = {
			isa = PBXGroup;
			children = (
				06A897F6286BEBA500F773B5 /* SampleApp.app */,
			);
			name = Products;
			sourceTree = "<group>";
		};
		06A897F8286BEBA500F773B5 /* SampleApp */ = {
			isa = PBXGroup;
			children = (
				4FFCA2642C66A84A001CBB9D /* PuraInterviewSwiftUIApp.swift */,
				4FFCA26D2C66AA2C001CBB9D /* DictionarySearch.swift */,
				4FFCA2672C66A854001CBB9D /* TopPickerView.swift */,
				4FFCA2662C66A854001CBB9D /* ViewModel.swift */,
				4FFCA26F2C66AA36001CBB9D /* EmptyView.swift */,
				062E352E286CC5950072B38E /* API */,
				062E352F286CC5B10072B38E /* Model */,
				4FFCA26B2C66A861001CBB9D /* Extensions */,
				06A89802286BEBA600F773B5 /* Assets.xcassets */,
				06A89804286BEBA600F773B5 /* LaunchScreen.storyboard */,
				06A89807286BEBA600F773B5 /* Info.plist */,
			);
			path = SampleApp;
			sourceTree = "<group>";
		};
		4FFCA26B2C66A861001CBB9D /* Extensions */ = {
			isa = PBXGroup;
			children = (
				4FFCA26A2C66A861001CBB9D /* StringExtension.swift */,
			);
			path = Extensions;
			sourceTree = "<group>";
		};
/* End PBXGroup section */

/* Begin PBXNativeTarget section */
		06A897F5286BEBA500F773B5 /* SampleApp */ = {
			isa = PBXNativeTarget;
			buildConfigurationList = 06A89820286BEBA600F773B5 /* Build configuration list for PBXNativeTarget "SampleApp" */;
			buildPhases = (
				06A897F2286BEBA500F773B5 /* Sources */,
				06A897F3286BEBA500F773B5 /* Frameworks */,
				06A897F4286BEBA500F773B5 /* Resources */,
			);
			buildRules = (
			);
			dependencies = (
			);
			name = SampleApp;
			productName = SampleApp;
			productReference = 06A897F6286BEBA500F773B5 /* SampleApp.app */;
			productType = "com.apple.product-type.application";
		};
/* End PBXNativeTarget section */

/* Begin PBXProject section */
		06A897EE286BEBA500F773B5 /* Project object */ = {
			isa = PBXProject;
			attributes = {
				BuildIndependentTargetsInParallel = 1;
				LastSwiftUpdateCheck = 1340;
				LastUpgradeCheck = 1340;
				TargetAttributes = {
					06A897F5286BEBA500F773B5 = {
						CreatedOnToolsVersion = 13.4;
						LastSwiftMigration = 1540;
					};
				};
			};
			buildConfigurationList = 06A897F1286BEBA500F773B5 /* Build configuration list for PBXProject "SampleApp" */;
			compatibilityVersion = "Xcode 13.0";
			developmentRegion = en;
			hasScannedForEncodings = 0;
			knownRegions = (
				en,
				Base,
			);
			mainGroup = 06A897ED286BEBA500F773B5;
			productRefGroup = 06A897F7286BEBA500F773B5 /* Products */;
			projectDirPath = "";
			projectRoot = "";
			targets = (
				06A897F5286BEBA500F773B5 /* SampleApp */,
			);
		};
/* End PBXProject section */

/* Begin PBXResourcesBuildPhase section */
		06A897F4286BEBA500F773B5 /* Resources */ = {
			isa = PBXResourcesBuildPhase;
			buildActionMask = 2147483647;
			files = (
				06A89806286BEBA600F773B5 /* LaunchScreen.storyboard in Resources */,
				06A89803286BEBA600F773B5 /* Assets.xcassets in Resources */,
			);
			runOnlyForDeploymentPostprocessing = 0;
		};
/* End PBXResourcesBuildPhase section */

/* Begin PBXSourcesBuildPhase section */
		06A897F2286BEBA500F773B5 /* Sources */ = {
			isa = PBXSourcesBuildPhase;
			buildActionMask = 2147483647;
			files = (
				4FFCA25B2C66A81F001CBB9D /* API.swift in Sources */,
				4FFCA2702C66AA36001CBB9D /* EmptyView.swift in Sources */,
				4FFCA26E2C66AA2C001CBB9D /* DictionarySearch.swift in Sources */,
				4FFCA2682C66A854001CBB9D /* ViewModel.swift in Sources */,
				4FFCA2692C66A854001CBB9D /* TopPickerView.swift in Sources */,
				4FFCA2652C66A84A001CBB9D /* PuraInterviewSwiftUIApp.swift in Sources */,
				4FFCA25D2C66A81F001CBB9D /* APIError.swift in Sources */,
				4FFCA2622C66A83B001CBB9D /* Meta.swift in Sources */,
				4FFCA2612C66A83B001CBB9D /* Word.swift in Sources */,
				4FFCA25A2C66A81F001CBB9D /* Tokens.swift in Sources */,
				4FFCA25C2C66A81F001CBB9D /* URLBuilder.swift in Sources */,
				4FFCA26C2C66A861001CBB9D /* StringExtension.swift in Sources */,
				4FFCA2632C66A83B001CBB9D /* WordResponse.swift in Sources */,
			);
			runOnlyForDeploymentPostprocessing = 0;
		};
/* End PBXSourcesBuildPhase section */

/* Begin PBXVariantGroup section */
		06A89804286BEBA600F773B5 /* LaunchScreen.storyboard */ = {
			isa = PBXVariantGroup;
			children = (
				06A89805286BEBA600F773B5 /* Base */,
			);
			name = LaunchScreen.storyboard;
			sourceTree = "<group>";
		};
/* End PBXVariantGroup section */

/* Begin XCBuildConfiguration section */
		06A8981E286BEBA600F773B5 /* Debug */ = {
			isa = XCBuildConfiguration;
			buildSettings = {
				ALWAYS_SEARCH_USER_PATHS = NO;
				CLANG_ANALYZER_NONNULL = YES;
				CLANG_ANALYZER_NUMBER_OBJECT_CONVERSION = YES_AGGRESSIVE;
				CLANG_CXX_LANGUAGE_STANDARD = "gnu++17";
				CLANG_ENABLE_MODULES = YES;
				CLANG_ENABLE_OBJC_ARC = YES;
				CLANG_ENABLE_OBJC_WEAK = YES;
				CLANG_WARN_BLOCK_CAPTURE_AUTORELEASING = YES;
				CLANG_WARN_BOOL_CONVERSION = YES;
				CLANG_WARN_COMMA = YES;
				CLANG_WARN_CONSTANT_CONVERSION = YES;
				CLANG_WARN_DEPRECATED_OBJC_IMPLEMENTATIONS = YES;
				CLANG_WARN_DIRECT_OBJC_ISA_USAGE = YES_ERROR;
				CLANG_WARN_DOCUMENTATION_COMMENTS = YES;
				CLANG_WARN_EMPTY_BODY = YES;
				CLANG_WARN_ENUM_CONVERSION = YES;
				CLANG_WARN_INFINITE_RECURSION = YES;
				CLANG_WARN_INT_CONVERSION = YES;
				CLANG_WARN_NON_LITERAL_NULL_CONVERSION = YES;
				CLANG_WARN_OBJC_IMPLICIT_RETAIN_SELF = YES;
				CLANG_WARN_OBJC_LITERAL_CONVERSION = YES;
				CLANG_WARN_OBJC_ROOT_CLASS = YES_ERROR;
				CLANG_WARN_QUOTED_INCLUDE_IN_FRAMEWORK_HEADER = YES;
				CLANG_WARN_RANGE_LOOP_ANALYSIS = YES;
				CLANG_WARN_STRICT_PROTOTYPES = YES;
				CLANG_WARN_SUSPICIOUS_MOVE = YES;
				CLANG_WARN_UNGUARDED_AVAILABILITY = YES_AGGRESSIVE;
				CLANG_WARN_UNREACHABLE_CODE = YES;
				CLANG_WARN__DUPLICATE_METHOD_MATCH = YES;
				COPY_PHASE_STRIP = NO;
				DEBUG_INFORMATION_FORMAT = dwarf;
				ENABLE_STRICT_OBJC_MSGSEND = YES;
				ENABLE_TESTABILITY = YES;
				GCC_C_LANGUAGE_STANDARD = gnu11;
				GCC_DYNAMIC_NO_PIC = NO;
				GCC_NO_COMMON_BLOCKS = YES;
				GCC_OPTIMIZATION_LEVEL = 0;
				GCC_PREPROCESSOR_DEFINITIONS = (
					"DEBUG=1",
					"$(inherited)",
				);
				GCC_WARN_64_TO_32_BIT_CONVERSION = YES;
				GCC_WARN_ABOUT_RETURN_TYPE = YES_ERROR;
				GCC_WARN_UNDECLARED_SELECTOR = YES;
				GCC_WARN_UNINITIALIZED_AUTOS = YES_AGGRESSIVE;
				GCC_WARN_UNUSED_FUNCTION = YES;
				GCC_WARN_UNUSED_VARIABLE = YES;
				IPHONEOS_DEPLOYMENT_TARGET = 17.0;
				MTL_ENABLE_DEBUG_INFO = INCLUDE_SOURCE;
				MTL_FAST_MATH = YES;
				ONLY_ACTIVE_ARCH = YES;
				SDKROOT = iphoneos;
				SWIFT_ACTIVE_COMPILATION_CONDITIONS = DEBUG;
				SWIFT_OPTIMIZATION_LEVEL = "-Onone";
			};
			name = Debug;
		};
		06A8981F286BEBA600F773B5 /* Release */ = {
			isa = XCBuildConfiguration;
			buildSettings = {
				ALWAYS_SEARCH_USER_PATHS = NO;
				CLANG_ANALYZER_NONNULL = YES;
				CLANG_ANALYZER_NUMBER_OBJECT_CONVERSION = YES_AGGRESSIVE;
				CLANG_CXX_LANGUAGE_STANDARD = "gnu++17";
				CLANG_ENABLE_MODULES = YES;
				CLANG_ENABLE_OBJC_ARC = YES;
				CLANG_ENABLE_OBJC_WEAK = YES;
				CLANG_WARN_BLOCK_CAPTURE_AUTORELEASING = YES;
				CLANG_WARN_BOOL_CONVERSION = YES;
				CLANG_WARN_COMMA = YES;
				CLANG_WARN_CONSTANT_CONVERSION = YES;
				CLANG_WARN_DEPRECATED_OBJC_IMPLEMENTATIONS = YES;
				CLANG_WARN_DIRECT_OBJC_ISA_USAGE = YES_ERROR;
				CLANG_WARN_DOCUMENTATION_COMMENTS = YES;
				CLANG_WARN_EMPTY_BODY = YES;
				CLANG_WARN_ENUM_CONVERSION = YES;
				CLANG_WARN_INFINITE_RECURSION = YES;
				CLANG_WARN_INT_CONVERSION = YES;
				CLANG_WARN_NON_LITERAL_NULL_CONVERSION = YES;
				CLANG_WARN_OBJC_IMPLICIT_RETAIN_SELF = YES;
				CLANG_WARN_OBJC_LITERAL_CONVERSION = YES;
				CLANG_WARN_OBJC_ROOT_CLASS = YES_ERROR;
				CLANG_WARN_QUOTED_INCLUDE_IN_FRAMEWORK_HEADER = YES;
				CLANG_WARN_RANGE_LOOP_ANALYSIS = YES;
				CLANG_WARN_STRICT_PROTOTYPES = YES;
				CLANG_WARN_SUSPICIOUS_MOVE = YES;
				CLANG_WARN_UNGUARDED_AVAILABILITY = YES_AGGRESSIVE;
				CLANG_WARN_UNREACHABLE_CODE = YES;
				CLANG_WARN__DUPLICATE_METHOD_MATCH = YES;
				COPY_PHASE_STRIP = NO;
				DEBUG_INFORMATION_FORMAT = "dwarf-with-dsym";
				ENABLE_NS_ASSERTIONS = NO;
				ENABLE_STRICT_OBJC_MSGSEND = YES;
				GCC_C_LANGUAGE_STANDARD = gnu11;
				GCC_NO_COMMON_BLOCKS = YES;
				GCC_WARN_64_TO_32_BIT_CONVERSION = YES;
				GCC_WARN_ABOUT_RETURN_TYPE = YES_ERROR;
				GCC_WARN_UNDECLARED_SELECTOR = YES;
				GCC_WARN_UNINITIALIZED_AUTOS = YES_AGGRESSIVE;
				GCC_WARN_UNUSED_FUNCTION = YES;
				GCC_WARN_UNUSED_VARIABLE = YES;
				IPHONEOS_DEPLOYMENT_TARGET = 17.0;
				MTL_ENABLE_DEBUG_INFO = NO;
				MTL_FAST_MATH = YES;
				SDKROOT = iphoneos;
				SWIFT_COMPILATION_MODE = wholemodule;
				SWIFT_OPTIMIZATION_LEVEL = "-O";
				VALIDATE_PRODUCT = YES;
			};
			name = Release;
		};
		06A89821286BEBA600F773B5 /* Debug */ = {
			isa = XCBuildConfiguration;
			buildSettings = {
				ASSETCATALOG_COMPILER_APPICON_NAME = AppIcon;
				ASSETCATALOG_COMPILER_GLOBAL_ACCENT_COLOR_NAME = AccentColor;
				CLANG_ENABLE_MODULES = YES;
				CODE_SIGN_STYLE = Automatic;
				CURRENT_PROJECT_VERSION = 1;
				DEVELOPMENT_TEAM = "";
				GENERATE_INFOPLIST_FILE = YES;
				INFOPLIST_FILE = SampleApp/Info.plist;
				INFOPLIST_KEY_UIApplicationSupportsIndirectInputEvents = YES;
				INFOPLIST_KEY_UISupportedInterfaceOrientations_iPad = "UIInterfaceOrientationPortrait UIInterfaceOrientationPortraitUpsideDown UIInterfaceOrientationLandscapeLeft UIInterfaceOrientationLandscapeRight";
				INFOPLIST_KEY_UISupportedInterfaceOrientations_iPhone = "UIInterfaceOrientationPortrait UIInterfaceOrientationLandscapeLeft UIInterfaceOrientationLandscapeRight";
				IPHONEOS_DEPLOYMENT_TARGET = 17.0;
				LD_RUNPATH_SEARCH_PATHS = (
					"$(inherited)",
					"@executable_path/Frameworks",
				);
				MARKETING_VERSION = 1.0;
				PRODUCT_BUNDLE_IDENTIFIER = Pura.scents.SampleApp;
				PRODUCT_NAME = "$(TARGET_NAME)";
				SWIFT_EMIT_LOC_STRINGS = YES;
				SWIFT_OPTIMIZATION_LEVEL = "-Onone";
				SWIFT_VERSION = 5.0;
				TARGETED_DEVICE_FAMILY = "1,2";
			};
			name = Debug;
		};
		06A89822286BEBA600F773B5 /* Release */ = {
			isa = XCBuildConfiguration;
			buildSettings = {
				ASSETCATALOG_COMPILER_APPICON_NAME = AppIcon;
				ASSETCATALOG_COMPILER_GLOBAL_ACCENT_COLOR_NAME = AccentColor;
				CLANG_ENABLE_MODULES = YES;
				CODE_SIGN_STYLE = Automatic;
				CURRENT_PROJECT_VERSION = 1;
				DEVELOPMENT_TEAM = "";
				GENERATE_INFOPLIST_FILE = YES;
				INFOPLIST_FILE = SampleApp/Info.plist;
				INFOPLIST_KEY_UIApplicationSupportsIndirectInputEvents = YES;
				INFOPLIST_KEY_UISupportedInterfaceOrientations_iPad = "UIInterfaceOrientationPortrait UIInterfaceOrientationPortraitUpsideDown UIInterfaceOrientationLandscapeLeft UIInterfaceOrientationLandscapeRight";
				INFOPLIST_KEY_UISupportedInterfaceOrientations_iPhone = "UIInterfaceOrientationPortrait UIInterfaceOrientationLandscapeLeft UIInterfaceOrientationLandscapeRight";
				IPHONEOS_DEPLOYMENT_TARGET = 17.0;
				LD_RUNPATH_SEARCH_PATHS = (
					"$(inherited)",
					"@executable_path/Frameworks",
				);
				MARKETING_VERSION = 1.0;
				PRODUCT_BUNDLE_IDENTIFIER = Pura.scents.SampleApp;
				PRODUCT_NAME = "$(TARGET_NAME)";
				SWIFT_EMIT_LOC_STRINGS = YES;
				SWIFT_VERSION = 5.0;
				TARGETED_DEVICE_FAMILY = "1,2";
			};
			name = Release;
		};
/* End XCBuildConfiguration section */

/* Begin XCConfigurationList section */
		06A897F1286BEBA500F773B5 /* Build configuration list for PBXProject "SampleApp" */ = {
			isa = XCConfigurationList;
			buildConfigurations = (
				06A8981E286BEBA600F773B5 /* Debug */,
				06A8981F286BEBA600F773B5 /* Release */,
			);
			defaultConfigurationIsVisible = 0;
			defaultConfigurationName = Release;
		};
		06A89820286BEBA600F773B5 /* Build configuration list for PBXNativeTarget "SampleApp" */ = {
			isa = XCConfigurationList;
			buildConfigurations = (
				06A89821286BEBA600F773B5 /* Debug */,
				06A89822286BEBA600F773B5 /* Release */,
			);
			defaultConfigurationIsVisible = 0;
			defaultConfigurationName = Release;
		};
/* End XCConfigurationList section */
	};
	rootObject = 06A897EE286BEBA500F773B5 /* Project object */;
}
